// !$*UTF8*$!
{
	archiveVersion = 1;
	classes = {
	};
	objectVersion = 56;
	objects = {

/* Begin PBXBuildFile section */
		E5222C7729509A560010237E /* CryptoTrackerApp.swift in Sources */ = {isa = PBXBuildFile; fileRef = E5222C7629509A560010237E /* CryptoTrackerApp.swift */; };
		E5222C7929509A560010237E /* ContentView.swift in Sources */ = {isa = PBXBuildFile; fileRef = E5222C7829509A560010237E /* ContentView.swift */; };
		E5222C7E29509A580010237E /* Preview Assets.xcassets in Resources */ = {isa = PBXBuildFile; fileRef = E5222C7D29509A580010237E /* Preview Assets.xcassets */; };
		E5222C8729509E450010237E /* Assets.xcassets in Resources */ = {isa = PBXBuildFile; fileRef = E5222C8629509E450010237E /* Assets.xcassets */; };
		E5222C8A2950A0590010237E /* Color+Extensions.swift in Sources */ = {isa = PBXBuildFile; fileRef = E5222C892950A0590010237E /* Color+Extensions.swift */; };
		E5222C902950A8E60010237E /* HomeView.swift in Sources */ = {isa = PBXBuildFile; fileRef = E5222C8F2950A8E60010237E /* HomeView.swift */; };
		E5222C942950AA1A0010237E /* CircleButtonView.swift in Sources */ = {isa = PBXBuildFile; fileRef = E5222C932950AA1A0010237E /* CircleButtonView.swift */; };
		E5222C962950AE860010237E /* CircleButtonAnimationView.swift in Sources */ = {isa = PBXBuildFile; fileRef = E5222C952950AE860010237E /* CircleButtonAnimationView.swift */; };
		E5222C992950F3140010237E /* CoinModel.swift in Sources */ = {isa = PBXBuildFile; fileRef = E5222C982950F3140010237E /* CoinModel.swift */; };
		E5222C9B2951D1340010237E /* CoinRowView.swift in Sources */ = {isa = PBXBuildFile; fileRef = E5222C9A2951D1340010237E /* CoinRowView.swift */; };
		E5222C9D2951D1A90010237E /* PreviewProvider.swift in Sources */ = {isa = PBXBuildFile; fileRef = E5222C9C2951D1A90010237E /* PreviewProvider.swift */; };
		E5222C9F2951D3C90010237E /* Double+Extensions.swift in Sources */ = {isa = PBXBuildFile; fileRef = E5222C9E2951D3C90010237E /* Double+Extensions.swift */; };
		E5222CA1295235660010237E /* HomeViewModel.swift in Sources */ = {isa = PBXBuildFile; fileRef = E5222CA0295235660010237E /* HomeViewModel.swift */; };
		E5222CA429523BCF0010237E /* CoinDataService.swift in Sources */ = {isa = PBXBuildFile; fileRef = E5222CA329523BCF0010237E /* CoinDataService.swift */; };
		E5222CA7295268410010237E /* NetworkingManager.swift in Sources */ = {isa = PBXBuildFile; fileRef = E5222CA6295268410010237E /* NetworkingManager.swift */; };
		E53EDF2929572C1F0072254E /* StatisticModel.swift in Sources */ = {isa = PBXBuildFile; fileRef = E53EDF2829572C1F0072254E /* StatisticModel.swift */; };
		E53EDF2B29572C850072254E /* StatisticView.swift in Sources */ = {isa = PBXBuildFile; fileRef = E53EDF2A29572C850072254E /* StatisticView.swift */; };
		E53EDF2D29572ED70072254E /* HomeStatsView.swift in Sources */ = {isa = PBXBuildFile; fileRef = E53EDF2C29572ED70072254E /* HomeStatsView.swift */; };
		E53EDF2F295747AC0072254E /* MarketDataModel.swift in Sources */ = {isa = PBXBuildFile; fileRef = E53EDF2E295747AC0072254E /* MarketDataModel.swift */; };
		E53EDF31295748420072254E /* MarketDataService.swift in Sources */ = {isa = PBXBuildFile; fileRef = E53EDF30295748420072254E /* MarketDataService.swift */; };
		E53EDF332958DE0E0072254E /* PortfolioView.swift in Sources */ = {isa = PBXBuildFile; fileRef = E53EDF322958DE0E0072254E /* PortfolioView.swift */; };
		E53EDF372958E7020072254E /* CoinLogoView.swift in Sources */ = {isa = PBXBuildFile; fileRef = E53EDF362958E7020072254E /* CoinLogoView.swift */; };
		E570F8FB29535D69009C85B1 /* CoinImageView.swift in Sources */ = {isa = PBXBuildFile; fileRef = E570F8FA29535D69009C85B1 /* CoinImageView.swift */; };
		E570F8FD29535E96009C85B1 /* CoinImageService.swift in Sources */ = {isa = PBXBuildFile; fileRef = E570F8FC29535E96009C85B1 /* CoinImageService.swift */; };
		E570F8FF29535FA8009C85B1 /* CoinImageViewModel.swift in Sources */ = {isa = PBXBuildFile; fileRef = E570F8FE29535FA8009C85B1 /* CoinImageViewModel.swift */; };
		E570F9012953AA74009C85B1 /* LocalFileManager.swift in Sources */ = {isa = PBXBuildFile; fileRef = E570F9002953AA74009C85B1 /* LocalFileManager.swift */; };
		E57443C62954AFB600963673 /* SearchBarView.swift in Sources */ = {isa = PBXBuildFile; fileRef = E57443C52954AFB600963673 /* SearchBarView.swift */; };
		E57443C82954B5BF00963673 /* UIApplication+Extensions.swift in Sources */ = {isa = PBXBuildFile; fileRef = E57443C72954B5BF00963673 /* UIApplication+Extensions.swift */; };
		E57F203E295C9929001F7526 /* HapticManager.swift in Sources */ = {isa = PBXBuildFile; fileRef = E57F203D295C9929001F7526 /* HapticManager.swift */; };
		E58F0DD1295B606600B03E0C /* PortfolioContainer.xcdatamodeld in Sources */ = {isa = PBXBuildFile; fileRef = E58F0DCF295B606600B03E0C /* PortfolioContainer.xcdatamodeld */; };
		E58F0DD3295B60F800B03E0C /* PortfolioDataService.swift in Sources */ = {isa = PBXBuildFile; fileRef = E58F0DD2295B60F800B03E0C /* PortfolioDataService.swift */; };
/* End PBXBuildFile section */

/* Begin PBXFileReference section */
		E5222C7329509A560010237E /* CryptoTracker.app */ = {isa = PBXFileReference; explicitFileType = wrapper.application; includeInIndex = 0; path = CryptoTracker.app; sourceTree = BUILT_PRODUCTS_DIR; };
		E5222C7629509A560010237E /* CryptoTrackerApp.swift */ = {isa = PBXFileReference; lastKnownFileType = sourcecode.swift; path = CryptoTrackerApp.swift; sourceTree = "<group>"; };
		E5222C7829509A560010237E /* ContentView.swift */ = {isa = PBXFileReference; lastKnownFileType = sourcecode.swift; path = ContentView.swift; sourceTree = "<group>"; };
		E5222C7D29509A580010237E /* Preview Assets.xcassets */ = {isa = PBXFileReference; lastKnownFileType = folder.assetcatalog; path = "Preview Assets.xcassets"; sourceTree = "<group>"; };
		E5222C8629509E450010237E /* Assets.xcassets */ = {isa = PBXFileReference; lastKnownFileType = folder.assetcatalog; name = Assets.xcassets; path = ../../Resources/Assets.xcassets; sourceTree = "<group>"; };
		E5222C892950A0590010237E /* Color+Extensions.swift */ = {isa = PBXFileReference; lastKnownFileType = sourcecode.swift; path = "Color+Extensions.swift"; sourceTree = "<group>"; };
		E5222C8F2950A8E60010237E /* HomeView.swift */ = {isa = PBXFileReference; lastKnownFileType = sourcecode.swift; path = HomeView.swift; sourceTree = "<group>"; };
		E5222C932950AA1A0010237E /* CircleButtonView.swift */ = {isa = PBXFileReference; lastKnownFileType = sourcecode.swift; path = CircleButtonView.swift; sourceTree = "<group>"; };
		E5222C952950AE860010237E /* CircleButtonAnimationView.swift */ = {isa = PBXFileReference; lastKnownFileType = sourcecode.swift; path = CircleButtonAnimationView.swift; sourceTree = "<group>"; };
		E5222C982950F3140010237E /* CoinModel.swift */ = {isa = PBXFileReference; lastKnownFileType = sourcecode.swift; path = CoinModel.swift; sourceTree = "<group>"; };
		E5222C9A2951D1340010237E /* CoinRowView.swift */ = {isa = PBXFileReference; lastKnownFileType = sourcecode.swift; path = CoinRowView.swift; sourceTree = "<group>"; };
		E5222C9C2951D1A90010237E /* PreviewProvider.swift */ = {isa = PBXFileReference; lastKnownFileType = sourcecode.swift; path = PreviewProvider.swift; sourceTree = "<group>"; };
		E5222C9E2951D3C90010237E /* Double+Extensions.swift */ = {isa = PBXFileReference; lastKnownFileType = sourcecode.swift; path = "Double+Extensions.swift"; sourceTree = "<group>"; };
		E5222CA0295235660010237E /* HomeViewModel.swift */ = {isa = PBXFileReference; lastKnownFileType = sourcecode.swift; path = HomeViewModel.swift; sourceTree = "<group>"; };
		E5222CA329523BCF0010237E /* CoinDataService.swift */ = {isa = PBXFileReference; lastKnownFileType = sourcecode.swift; path = CoinDataService.swift; sourceTree = "<group>"; };
		E5222CA6295268410010237E /* NetworkingManager.swift */ = {isa = PBXFileReference; lastKnownFileType = sourcecode.swift; path = NetworkingManager.swift; sourceTree = "<group>"; };
		E53EDF2829572C1F0072254E /* StatisticModel.swift */ = {isa = PBXFileReference; lastKnownFileType = sourcecode.swift; path = StatisticModel.swift; sourceTree = "<group>"; };
		E53EDF2A29572C850072254E /* StatisticView.swift */ = {isa = PBXFileReference; lastKnownFileType = sourcecode.swift; path = StatisticView.swift; sourceTree = "<group>"; };
		E53EDF2C29572ED70072254E /* HomeStatsView.swift */ = {isa = PBXFileReference; lastKnownFileType = sourcecode.swift; path = HomeStatsView.swift; sourceTree = "<group>"; };
		E53EDF2E295747AC0072254E /* MarketDataModel.swift */ = {isa = PBXFileReference; lastKnownFileType = sourcecode.swift; path = MarketDataModel.swift; sourceTree = "<group>"; };
		E53EDF30295748420072254E /* MarketDataService.swift */ = {isa = PBXFileReference; lastKnownFileType = sourcecode.swift; path = MarketDataService.swift; sourceTree = "<group>"; };
		E53EDF322958DE0E0072254E /* PortfolioView.swift */ = {isa = PBXFileReference; lastKnownFileType = sourcecode.swift; path = PortfolioView.swift; sourceTree = "<group>"; };
		E53EDF362958E7020072254E /* CoinLogoView.swift */ = {isa = PBXFileReference; lastKnownFileType = sourcecode.swift; path = CoinLogoView.swift; sourceTree = "<group>"; };
		E570F8FA29535D69009C85B1 /* CoinImageView.swift */ = {isa = PBXFileReference; lastKnownFileType = sourcecode.swift; path = CoinImageView.swift; sourceTree = "<group>"; };
		E570F8FC29535E96009C85B1 /* CoinImageService.swift */ = {isa = PBXFileReference; lastKnownFileType = sourcecode.swift; path = CoinImageService.swift; sourceTree = "<group>"; };
		E570F8FE29535FA8009C85B1 /* CoinImageViewModel.swift */ = {isa = PBXFileReference; lastKnownFileType = sourcecode.swift; path = CoinImageViewModel.swift; sourceTree = "<group>"; };
		E570F9002953AA74009C85B1 /* LocalFileManager.swift */ = {isa = PBXFileReference; lastKnownFileType = sourcecode.swift; path = LocalFileManager.swift; sourceTree = "<group>"; };
		E57443C52954AFB600963673 /* SearchBarView.swift */ = {isa = PBXFileReference; lastKnownFileType = sourcecode.swift; path = SearchBarView.swift; sourceTree = "<group>"; };
		E57443C72954B5BF00963673 /* UIApplication+Extensions.swift */ = {isa = PBXFileReference; lastKnownFileType = sourcecode.swift; path = "UIApplication+Extensions.swift"; sourceTree = "<group>"; };
		E57F203D295C9929001F7526 /* HapticManager.swift */ = {isa = PBXFileReference; lastKnownFileType = sourcecode.swift; path = HapticManager.swift; sourceTree = "<group>"; };
		E58F0DD0295B606600B03E0C /* PortoflioContainer.xcdatamodel */ = {isa = PBXFileReference; lastKnownFileType = wrapper.xcdatamodel; path = PortoflioContainer.xcdatamodel; sourceTree = "<group>"; };
		E58F0DD2295B60F800B03E0C /* PortfolioDataService.swift */ = {isa = PBXFileReference; lastKnownFileType = sourcecode.swift; path = PortfolioDataService.swift; sourceTree = "<group>"; };
/* End PBXFileReference section */

/* Begin PBXFrameworksBuildPhase section */
		E5222C7029509A560010237E /* Frameworks */ = {
			isa = PBXFrameworksBuildPhase;
			buildActionMask = 2147483647;
			files = (
			);
			runOnlyForDeploymentPostprocessing = 0;
		};
/* End PBXFrameworksBuildPhase section */

/* Begin PBXGroup section */
		E5222C6A29509A560010237E = {
			isa = PBXGroup;
			children = (
				E5222C7529509A560010237E /* CryptoTracker */,
				E5222C7429509A560010237E /* Products */,
			);
			sourceTree = "<group>";
		};
		E5222C7429509A560010237E /* Products */ = {
			isa = PBXGroup;
			children = (
				E5222C7329509A560010237E /* CryptoTracker.app */,
			);
			name = Products;
			sourceTree = "<group>";
		};
		E5222C7529509A560010237E /* CryptoTracker */ = {
			isa = PBXGroup;
			children = (
				E5222CA5295268150010237E /* Utilities */,
				E5222C882950A0400010237E /* Extensions */,
				E5222CA229523BAF0010237E /* Services */,
				E5222C972950F3020010237E /* Models */,
				E5222C8B2950A8650010237E /* Core */,
				E5222C7629509A560010237E /* CryptoTrackerApp.swift */,
				E5222C7829509A560010237E /* ContentView.swift */,
				E5222C8629509E450010237E /* Assets.xcassets */,
				E5222C7C29509A580010237E /* Preview Content */,
			);
			path = CryptoTracker;
			sourceTree = "<group>";
		};
		E5222C7C29509A580010237E /* Preview Content */ = {
			isa = PBXGroup;
			children = (
				E5222C7D29509A580010237E /* Preview Assets.xcassets */,
			);
			path = "Preview Content";
			sourceTree = "<group>";
		};
		E5222C882950A0400010237E /* Extensions */ = {
			isa = PBXGroup;
			children = (
				E5222C892950A0590010237E /* Color+Extensions.swift */,
				E5222C9C2951D1A90010237E /* PreviewProvider.swift */,
				E5222C9E2951D3C90010237E /* Double+Extensions.swift */,
				E57443C72954B5BF00963673 /* UIApplication+Extensions.swift */,
			);
			path = Extensions;
			sourceTree = "<group>";
		};
		E5222C8B2950A8650010237E /* Core */ = {
			isa = PBXGroup;
			children = (
				E5222C912950A9E80010237E /* Components */,
				E5222C8C2950A8BF0010237E /* Home */,
			);
			path = Core;
			sourceTree = "<group>";
		};
		E5222C8C2950A8BF0010237E /* Home */ = {
			isa = PBXGroup;
			children = (
				E5222C8E2950A8C90010237E /* ViewModels */,
				E5222C8D2950A8C40010237E /* Views */,
			);
			path = Home;
			sourceTree = "<group>";
		};
		E5222C8D2950A8C40010237E /* Views */ = {
			isa = PBXGroup;
			children = (
				E5222C8F2950A8E60010237E /* HomeView.swift */,
				E53EDF2C29572ED70072254E /* HomeStatsView.swift */,
				E5222C9A2951D1340010237E /* CoinRowView.swift */,
				E53EDF322958DE0E0072254E /* PortfolioView.swift */,
			);
			path = Views;
			sourceTree = "<group>";
		};
		E5222C8E2950A8C90010237E /* ViewModels */ = {
			isa = PBXGroup;
			children = (
				E5222CA0295235660010237E /* HomeViewModel.swift */,
			);
			path = ViewModels;
			sourceTree = "<group>";
		};
		E5222C912950A9E80010237E /* Components */ = {
			isa = PBXGroup;
			children = (
				E570F8F929535D59009C85B1 /* CoinImage */,
				E5222C922950AA0A0010237E /* CircleButton */,
				E57443C52954AFB600963673 /* SearchBarView.swift */,
				E53EDF2A29572C850072254E /* StatisticView.swift */,
			);
			path = Components;
			sourceTree = "<group>";
		};
		E5222C922950AA0A0010237E /* CircleButton */ = {
			isa = PBXGroup;
			children = (
				E5222C932950AA1A0010237E /* CircleButtonView.swift */,
				E5222C952950AE860010237E /* CircleButtonAnimationView.swift */,
			);
			path = CircleButton;
			sourceTree = "<group>";
		};
		E5222C972950F3020010237E /* Models */ = {
			isa = PBXGroup;
			children = (
				E5222C982950F3140010237E /* CoinModel.swift */,
				E53EDF2829572C1F0072254E /* StatisticModel.swift */,
				E53EDF2E295747AC0072254E /* MarketDataModel.swift */,
				E58F0DCF295B606600B03E0C /* PortfolioContainer.xcdatamodeld */,
			);
			path = Models;
			sourceTree = "<group>";
		};
		E5222CA229523BAF0010237E /* Services */ = {
			isa = PBXGroup;
			children = (
				E5222CA329523BCF0010237E /* CoinDataService.swift */,
				E570F8FC29535E96009C85B1 /* CoinImageService.swift */,
				E53EDF30295748420072254E /* MarketDataService.swift */,
				E58F0DD2295B60F800B03E0C /* PortfolioDataService.swift */,
			);
			path = Services;
			sourceTree = "<group>";
		};
		E5222CA5295268150010237E /* Utilities */ = {
			isa = PBXGroup;
			children = (
				E5222CA6295268410010237E /* NetworkingManager.swift */,
				E570F9002953AA74009C85B1 /* LocalFileManager.swift */,
				E57F203D295C9929001F7526 /* HapticManager.swift */,
			);
			path = Utilities;
			sourceTree = "<group>";
		};
		E570F8F929535D59009C85B1 /* CoinImage */ = {
			isa = PBXGroup;
			children = (
				E570F8FA29535D69009C85B1 /* CoinImageView.swift */,
				E570F8FE29535FA8009C85B1 /* CoinImageViewModel.swift */,
				E53EDF362958E7020072254E /* CoinLogoView.swift */,
			);
			path = CoinImage;
			sourceTree = "<group>";
		};
/* End PBXGroup section */

/* Begin PBXNativeTarget section */
		E5222C7229509A560010237E /* CryptoTracker */ = {
			isa = PBXNativeTarget;
			buildConfigurationList = E5222C8129509A580010237E /* Build configuration list for PBXNativeTarget "CryptoTracker" */;
			buildPhases = (
				E5222C6F29509A560010237E /* Sources */,
				E5222C7029509A560010237E /* Frameworks */,
				E5222C7129509A560010237E /* Resources */,
			);
			buildRules = (
			);
			dependencies = (
			);
			name = CryptoTracker;
			productName = CryptoTracker;
			productReference = E5222C7329509A560010237E /* CryptoTracker.app */;
			productType = "com.apple.product-type.application";
		};
/* End PBXNativeTarget section */

/* Begin PBXProject section */
		E5222C6B29509A560010237E /* Project object */ = {
			isa = PBXProject;
			attributes = {
				BuildIndependentTargetsInParallel = 1;
				LastSwiftUpdateCheck = 1410;
				LastUpgradeCheck = 1410;
				TargetAttributes = {
					E5222C7229509A560010237E = {
						CreatedOnToolsVersion = 14.1;
					};
				};
			};
			buildConfigurationList = E5222C6E29509A560010237E /* Build configuration list for PBXProject "CryptoTracker" */;
			compatibilityVersion = "Xcode 14.0";
			developmentRegion = en;
			hasScannedForEncodings = 0;
			knownRegions = (
				en,
				Base,
			);
			mainGroup = E5222C6A29509A560010237E;
			productRefGroup = E5222C7429509A560010237E /* Products */;
			projectDirPath = "";
			projectRoot = "";
			targets = (
				E5222C7229509A560010237E /* CryptoTracker */,
			);
		};
/* End PBXProject section */

/* Begin PBXResourcesBuildPhase section */
		E5222C7129509A560010237E /* Resources */ = {
			isa = PBXResourcesBuildPhase;
			buildActionMask = 2147483647;
			files = (
				E5222C7E29509A580010237E /* Preview Assets.xcassets in Resources */,
				E5222C8729509E450010237E /* Assets.xcassets in Resources */,
			);
			runOnlyForDeploymentPostprocessing = 0;
		};
/* End PBXResourcesBuildPhase section */

/* Begin PBXSourcesBuildPhase section */
		E5222C6F29509A560010237E /* Sources */ = {
			isa = PBXSourcesBuildPhase;
			buildActionMask = 2147483647;
			files = (
				E53EDF2929572C1F0072254E /* StatisticModel.swift in Sources */,
				E5222CA429523BCF0010237E /* CoinDataService.swift in Sources */,
				E53EDF372958E7020072254E /* CoinLogoView.swift in Sources */,
				E5222C9B2951D1340010237E /* CoinRowView.swift in Sources */,
				E57443C82954B5BF00963673 /* UIApplication+Extensions.swift in Sources */,
				E5222CA1295235660010237E /* HomeViewModel.swift in Sources */,
				E5222C7929509A560010237E /* ContentView.swift in Sources */,
				E53EDF2F295747AC0072254E /* MarketDataModel.swift in Sources */,
				E570F9012953AA74009C85B1 /* LocalFileManager.swift in Sources */,
				E53EDF2B29572C850072254E /* StatisticView.swift in Sources */,
				E5222C902950A8E60010237E /* HomeView.swift in Sources */,
				E570F8FB29535D69009C85B1 /* CoinImageView.swift in Sources */,
				E5222C7729509A560010237E /* CryptoTrackerApp.swift in Sources */,
				E5222C9F2951D3C90010237E /* Double+Extensions.swift in Sources */,
				E5222C942950AA1A0010237E /* CircleButtonView.swift in Sources */,
				E57443C62954AFB600963673 /* SearchBarView.swift in Sources */,
				E58F0DD1295B606600B03E0C /* PortfolioContainer.xcdatamodeld in Sources */,
				E5222CA7295268410010237E /* NetworkingManager.swift in Sources */,
				E58F0DD3295B60F800B03E0C /* PortfolioDataService.swift in Sources */,
				E53EDF2D29572ED70072254E /* HomeStatsView.swift in Sources */,
				E53EDF31295748420072254E /* MarketDataService.swift in Sources */,
				E5222C8A2950A0590010237E /* Color+Extensions.swift in Sources */,
				E570F8FF29535FA8009C85B1 /* CoinImageViewModel.swift in Sources */,
				E5222C962950AE860010237E /* CircleButtonAnimationView.swift in Sources */,
				E57F203E295C9929001F7526 /* HapticManager.swift in Sources */,
				E53EDF332958DE0E0072254E /* PortfolioView.swift in Sources */,
				E5222C9D2951D1A90010237E /* PreviewProvider.swift in Sources */,
				E570F8FD29535E96009C85B1 /* CoinImageService.swift in Sources */,
				E5222C992950F3140010237E /* CoinModel.swift in Sources */,
			);
			runOnlyForDeploymentPostprocessing = 0;
		};
/* End PBXSourcesBuildPhase section */

/* Begin XCBuildConfiguration section */
		E5222C7F29509A580010237E /* Debug */ = {
			isa = XCBuildConfiguration;
			buildSettings = {
				ALWAYS_SEARCH_USER_PATHS = NO;
				CLANG_ANALYZER_NONNULL = YES;
				CLANG_ANALYZER_NUMBER_OBJECT_CONVERSION = YES_AGGRESSIVE;
				CLANG_CXX_LANGUAGE_STANDARD = "gnu++20";
				CLANG_ENABLE_MODULES = YES;
				CLANG_ENABLE_OBJC_ARC = YES;
				CLANG_ENABLE_OBJC_WEAK = YES;
				CLANG_WARN_BLOCK_CAPTURE_AUTORELEASING = YES;
				CLANG_WARN_BOOL_CONVERSION = YES;
				CLANG_WARN_COMMA = YES;
				CLANG_WARN_CONSTANT_CONVERSION = YES;
				CLANG_WARN_DEPRECATED_OBJC_IMPLEMENTATIONS = YES;
				CLANG_WARN_DIRECT_OBJC_ISA_USAGE = YES_ERROR;
				CLANG_WARN_DOCUMENTATION_COMMENTS = YES;
				CLANG_WARN_EMPTY_BODY = YES;
				CLANG_WARN_ENUM_CONVERSION = YES;
				CLANG_WARN_INFINITE_RECURSION = YES;
				CLANG_WARN_INT_CONVERSION = YES;
				CLANG_WARN_NON_LITERAL_NULL_CONVERSION = YES;
				CLANG_WARN_OBJC_IMPLICIT_RETAIN_SELF = YES;
				CLANG_WARN_OBJC_LITERAL_CONVERSION = YES;
				CLANG_WARN_OBJC_ROOT_CLASS = YES_ERROR;
				CLANG_WARN_QUOTED_INCLUDE_IN_FRAMEWORK_HEADER = YES;
				CLANG_WARN_RANGE_LOOP_ANALYSIS = YES;
				CLANG_WARN_STRICT_PROTOTYPES = YES;
				CLANG_WARN_SUSPICIOUS_MOVE = YES;
				CLANG_WARN_UNGUARDED_AVAILABILITY = YES_AGGRESSIVE;
				CLANG_WARN_UNREACHABLE_CODE = YES;
				CLANG_WARN__DUPLICATE_METHOD_MATCH = YES;
				COPY_PHASE_STRIP = NO;
				DEBUG_INFORMATION_FORMAT = dwarf;
				ENABLE_STRICT_OBJC_MSGSEND = YES;
				ENABLE_TESTABILITY = YES;
				GCC_C_LANGUAGE_STANDARD = gnu11;
				GCC_DYNAMIC_NO_PIC = NO;
				GCC_NO_COMMON_BLOCKS = YES;
				GCC_OPTIMIZATION_LEVEL = 0;
				GCC_PREPROCESSOR_DEFINITIONS = (
					"DEBUG=1",
					"$(inherited)",
				);
				GCC_WARN_64_TO_32_BIT_CONVERSION = YES;
				GCC_WARN_ABOUT_RETURN_TYPE = YES_ERROR;
				GCC_WARN_UNDECLARED_SELECTOR = YES;
				GCC_WARN_UNINITIALIZED_AUTOS = YES_AGGRESSIVE;
				GCC_WARN_UNUSED_FUNCTION = YES;
				GCC_WARN_UNUSED_VARIABLE = YES;
				IPHONEOS_DEPLOYMENT_TARGET = 16.1;
				MTL_ENABLE_DEBUG_INFO = INCLUDE_SOURCE;
				MTL_FAST_MATH = YES;
				ONLY_ACTIVE_ARCH = YES;
				SDKROOT = iphoneos;
				SWIFT_ACTIVE_COMPILATION_CONDITIONS = DEBUG;
				SWIFT_OPTIMIZATION_LEVEL = "-Onone";
			};
			name = Debug;
		};
		E5222C8029509A580010237E /* Release */ = {
			isa = XCBuildConfiguration;
			buildSettings = {
				ALWAYS_SEARCH_USER_PATHS = NO;
				CLANG_ANALYZER_NONNULL = YES;
				CLANG_ANALYZER_NUMBER_OBJECT_CONVERSION = YES_AGGRESSIVE;
				CLANG_CXX_LANGUAGE_STANDARD = "gnu++20";
				CLANG_ENABLE_MODULES = YES;
				CLANG_ENABLE_OBJC_ARC = YES;
				CLANG_ENABLE_OBJC_WEAK = YES;
				CLANG_WARN_BLOCK_CAPTURE_AUTORELEASING = YES;
				CLANG_WARN_BOOL_CONVERSION = YES;
				CLANG_WARN_COMMA = YES;
				CLANG_WARN_CONSTANT_CONVERSION = YES;
				CLANG_WARN_DEPRECATED_OBJC_IMPLEMENTATIONS = YES;
				CLANG_WARN_DIRECT_OBJC_ISA_USAGE = YES_ERROR;
				CLANG_WARN_DOCUMENTATION_COMMENTS = YES;
				CLANG_WARN_EMPTY_BODY = YES;
				CLANG_WARN_ENUM_CONVERSION = YES;
				CLANG_WARN_INFINITE_RECURSION = YES;
				CLANG_WARN_INT_CONVERSION = YES;
				CLANG_WARN_NON_LITERAL_NULL_CONVERSION = YES;
				CLANG_WARN_OBJC_IMPLICIT_RETAIN_SELF = YES;
				CLANG_WARN_OBJC_LITERAL_CONVERSION = YES;
				CLANG_WARN_OBJC_ROOT_CLASS = YES_ERROR;
				CLANG_WARN_QUOTED_INCLUDE_IN_FRAMEWORK_HEADER = YES;
				CLANG_WARN_RANGE_LOOP_ANALYSIS = YES;
				CLANG_WARN_STRICT_PROTOTYPES = YES;
				CLANG_WARN_SUSPICIOUS_MOVE = YES;
				CLANG_WARN_UNGUARDED_AVAILABILITY = YES_AGGRESSIVE;
				CLANG_WARN_UNREACHABLE_CODE = YES;
				CLANG_WARN__DUPLICATE_METHOD_MATCH = YES;
				COPY_PHASE_STRIP = NO;
				DEBUG_INFORMATION_FORMAT = "dwarf-with-dsym";
				ENABLE_NS_ASSERTIONS = NO;
				ENABLE_STRICT_OBJC_MSGSEND = YES;
				GCC_C_LANGUAGE_STANDARD = gnu11;
				GCC_NO_COMMON_BLOCKS = YES;
				GCC_WARN_64_TO_32_BIT_CONVERSION = YES;
				GCC_WARN_ABOUT_RETURN_TYPE = YES_ERROR;
				GCC_WARN_UNDECLARED_SELECTOR = YES;
				GCC_WARN_UNINITIALIZED_AUTOS = YES_AGGRESSIVE;
				GCC_WARN_UNUSED_FUNCTION = YES;
				GCC_WARN_UNUSED_VARIABLE = YES;
				IPHONEOS_DEPLOYMENT_TARGET = 16.1;
				MTL_ENABLE_DEBUG_INFO = NO;
				MTL_FAST_MATH = YES;
				SDKROOT = iphoneos;
				SWIFT_COMPILATION_MODE = wholemodule;
				SWIFT_OPTIMIZATION_LEVEL = "-O";
				VALIDATE_PRODUCT = YES;
			};
			name = Release;
		};
		E5222C8229509A580010237E /* Debug */ = {
			isa = XCBuildConfiguration;
			buildSettings = {
				ASSETCATALOG_COMPILER_APPICON_NAME = AppIcon;
				ASSETCATALOG_COMPILER_GLOBAL_ACCENT_COLOR_NAME = AccentColor;
				CODE_SIGN_IDENTITY = "Apple Development";
				CODE_SIGN_STYLE = Automatic;
				CURRENT_PROJECT_VERSION = 1;
				DEVELOPMENT_ASSET_PATHS = "\"CryptoTracker/Preview Content\"";
				DEVELOPMENT_TEAM = A28SA6ZP59;
				ENABLE_PREVIEWS = YES;
				GENERATE_INFOPLIST_FILE = YES;
				INFOPLIST_KEY_UIApplicationSceneManifest_Generation = YES;
				INFOPLIST_KEY_UIApplicationSupportsIndirectInputEvents = YES;
				INFOPLIST_KEY_UILaunchScreen_Generation = YES;
				INFOPLIST_KEY_UISupportedInterfaceOrientations = UIInterfaceOrientationPortrait;
				IPHONEOS_DEPLOYMENT_TARGET = 14.0;
				LD_RUNPATH_SEARCH_PATHS = (
					"$(inherited)",
					"@executable_path/Frameworks",
				);
				MARKETING_VERSION = 1.0;
				PRODUCT_BUNDLE_IDENTIFIER = com.bahadirovski.CryptoTracker;
				PRODUCT_NAME = "$(TARGET_NAME)";
				PROVISIONING_PROFILE_SPECIFIER = "";
				SUPPORTED_PLATFORMS = "iphoneos iphonesimulator";
				SUPPORTS_MACCATALYST = NO;
				SUPPORTS_MAC_DESIGNED_FOR_IPHONE_IPAD = NO;
				SWIFT_EMIT_LOC_STRINGS = YES;
				SWIFT_VERSION = 5.0;
				TARGETED_DEVICE_FAMILY = "1,2";
			};
			name = Debug;
		};
		E5222C8329509A580010237E /* Release */ = {
			isa = XCBuildConfiguration;
			buildSettings = {
				ASSETCATALOG_COMPILER_APPICON_NAME = AppIcon;
				ASSETCATALOG_COMPILER_GLOBAL_ACCENT_COLOR_NAME = AccentColor;
				CODE_SIGN_IDENTITY = "Apple Development";
				CODE_SIGN_STYLE = Automatic;
				CURRENT_PROJECT_VERSION = 1;
				DEVELOPMENT_ASSET_PATHS = "\"CryptoTracker/Preview Content\"";
				DEVELOPMENT_TEAM = A28SA6ZP59;
				ENABLE_PREVIEWS = YES;
				GENERATE_INFOPLIST_FILE = YES;
				INFOPLIST_KEY_UIApplicationSceneManifest_Generation = YES;
				INFOPLIST_KEY_UIApplicationSupportsIndirectInputEvents = YES;
				INFOPLIST_KEY_UILaunchScreen_Generation = YES;
				INFOPLIST_KEY_UISupportedInterfaceOrientations = UIInterfaceOrientationPortrait;
				IPHONEOS_DEPLOYMENT_TARGET = 14.0;
				LD_RUNPATH_SEARCH_PATHS = (
					"$(inherited)",
					"@executable_path/Frameworks",
				);
				MARKETING_VERSION = 1.0;
				PRODUCT_BUNDLE_IDENTIFIER = com.bahadirovski.CryptoTracker;
				PRODUCT_NAME = "$(TARGET_NAME)";
				PROVISIONING_PROFILE_SPECIFIER = "";
				SUPPORTED_PLATFORMS = "iphoneos iphonesimulator";
				SUPPORTS_MACCATALYST = NO;
				SUPPORTS_MAC_DESIGNED_FOR_IPHONE_IPAD = NO;
				SWIFT_EMIT_LOC_STRINGS = YES;
				SWIFT_VERSION = 5.0;
				TARGETED_DEVICE_FAMILY = "1,2";
			};
			name = Release;
		};
/* End XCBuildConfiguration section */

/* Begin XCConfigurationList section */
		E5222C6E29509A560010237E /* Build configuration list for PBXProject "CryptoTracker" */ = {
			isa = XCConfigurationList;
			buildConfigurations = (
				E5222C7F29509A580010237E /* Debug */,
				E5222C8029509A580010237E /* Release */,
			);
			defaultConfigurationIsVisible = 0;
			defaultConfigurationName = Release;
		};
		E5222C8129509A580010237E /* Build configuration list for PBXNativeTarget "CryptoTracker" */ = {
			isa = XCConfigurationList;
			buildConfigurations = (
				E5222C8229509A580010237E /* Debug */,
				E5222C8329509A580010237E /* Release */,
			);
			defaultConfigurationIsVisible = 0;
			defaultConfigurationName = Release;
		};
/* End XCConfigurationList section */

/* Begin XCVersionGroup section */
		E58F0DCF295B606600B03E0C /* PortfolioContainer.xcdatamodeld */ = {
			isa = XCVersionGroup;
			children = (
				E58F0DD0295B606600B03E0C /* PortoflioContainer.xcdatamodel */,
			);
			currentVersion = E58F0DD0295B606600B03E0C /* PortoflioContainer.xcdatamodel */;
			path = PortfolioContainer.xcdatamodeld;
			sourceTree = "<group>";
			versionGroupType = wrapper.xcdatamodel;
		};
/* End XCVersionGroup section */
	};
	rootObject = E5222C6B29509A560010237E /* Project object */;
}
